// !$*UTF8*$!
{
	archiveVersion = 1;
	classes = {
	};
	objectVersion = 46;
	objects = {

/* Begin PBXBuildFile section */
		410F48CC1D06E701000C0C05 /* AppDelegate.swift in Sources */ = {isa = PBXBuildFile; fileRef = 410F48CB1D06E701000C0C05 /* AppDelegate.swift */; };
		410F48CE1D06E701000C0C05 /* KKMainViewController.swift in Sources */ = {isa = PBXBuildFile; fileRef = 410F48CD1D06E701000C0C05 /* KKMainViewController.swift */; };
		410F48D11D06E701000C0C05 /* Main.storyboard in Resources */ = {isa = PBXBuildFile; fileRef = 410F48CF1D06E701000C0C05 /* Main.storyboard */; };
		410F48D31D06E701000C0C05 /* Assets.xcassets in Resources */ = {isa = PBXBuildFile; fileRef = 410F48D21D06E701000C0C05 /* Assets.xcassets */; };
		410F48D61D06E701000C0C05 /* LaunchScreen.storyboard in Resources */ = {isa = PBXBuildFile; fileRef = 410F48D41D06E701000C0C05 /* LaunchScreen.storyboard */; };
		410F48E11D06E701000C0C05 /* BLESampleProjectUITests.swift in Sources */ = {isa = PBXBuildFile; fileRef = 410F48E01D06E701000C0C05 /* BLESampleProjectUITests.swift */; };
		410F48EC1D06E72F000C0C05 /* Default-568h@2x.png in Resources */ = {isa = PBXBuildFile; fileRef = 410F48EB1D06E72F000C0C05 /* Default-568h@2x.png */; };
		4155B5291D06EEC700B9B73E /* PureLayout.framework in Frameworks */ = {isa = PBXBuildFile; fileRef = 4155B5281D06EEC700B9B73E /* PureLayout.framework */; };
		4155B52B1D0703EF00B9B73E /* KKCentralManager.swift in Sources */ = {isa = PBXBuildFile; fileRef = 4155B52A1D0703EF00B9B73E /* KKCentralManager.swift */; };
		4155B52D1D07041700B9B73E /* CoreBluetooth.framework in Frameworks */ = {isa = PBXBuildFile; fileRef = 4155B52C1D07041700B9B73E /* CoreBluetooth.framework */; };
		4155B52F1D0718B100B9B73E /* KKTableViewDataProvider.swift in Sources */ = {isa = PBXBuildFile; fileRef = 4155B52E1D0718B100B9B73E /* KKTableViewDataProvider.swift */; };
		4194FB211D0891D100CBC5EC /* KKDevicesViewController.swift in Sources */ = {isa = PBXBuildFile; fileRef = 4194FB201D0891D100CBC5EC /* KKDevicesViewController.swift */; };
		8381FE3A1D0775CD008B47A9 /* KKTableViewDeviceCell.swift in Sources */ = {isa = PBXBuildFile; fileRef = 8381FE391D0775CD008B47A9 /* KKTableViewDeviceCell.swift */; };
/* End PBXBuildFile section */

/* Begin PBXContainerItemProxy section */
		410F48DD1D06E701000C0C05 /* PBXContainerItemProxy */ = {
			isa = PBXContainerItemProxy;
			containerPortal = 410F48C01D06E701000C0C05 /* Project object */;
			proxyType = 1;
			remoteGlobalIDString = 410F48C71D06E701000C0C05;
			remoteInfo = BLESampleProject;
		};
/* End PBXContainerItemProxy section */

/* Begin PBXFileReference section */
		410F48C81D06E701000C0C05 /* BLESampleProject.app */ = {isa = PBXFileReference; explicitFileType = wrapper.application; includeInIndex = 0; path = BLESampleProject.app; sourceTree = BUILT_PRODUCTS_DIR; };
		410F48CB1D06E701000C0C05 /* AppDelegate.swift */ = {isa = PBXFileReference; lastKnownFileType = sourcecode.swift; path = AppDelegate.swift; sourceTree = "<group>"; };
		410F48CD1D06E701000C0C05 /* KKMainViewController.swift */ = {isa = PBXFileReference; lastKnownFileType = sourcecode.swift; path = KKMainViewController.swift; sourceTree = "<group>"; };
		410F48D01D06E701000C0C05 /* Base */ = {isa = PBXFileReference; lastKnownFileType = file.storyboard; name = Base; path = Base.lproj/Main.storyboard; sourceTree = "<group>"; };
		410F48D21D06E701000C0C05 /* Assets.xcassets */ = {isa = PBXFileReference; lastKnownFileType = folder.assetcatalog; path = Assets.xcassets; sourceTree = "<group>"; };
		410F48D51D06E701000C0C05 /* Base */ = {isa = PBXFileReference; lastKnownFileType = file.storyboard; name = Base; path = Base.lproj/LaunchScreen.storyboard; sourceTree = "<group>"; };
		410F48D71D06E701000C0C05 /* Info.plist */ = {isa = PBXFileReference; lastKnownFileType = text.plist.xml; path = Info.plist; sourceTree = "<group>"; };
		410F48DC1D06E701000C0C05 /* BLESampleProjectUITests.xctest */ = {isa = PBXFileReference; explicitFileType = wrapper.cfbundle; includeInIndex = 0; path = BLESampleProjectUITests.xctest; sourceTree = BUILT_PRODUCTS_DIR; };
		410F48E01D06E701000C0C05 /* BLESampleProjectUITests.swift */ = {isa = PBXFileReference; lastKnownFileType = sourcecode.swift; path = BLESampleProjectUITests.swift; sourceTree = "<group>"; };
		410F48E21D06E701000C0C05 /* Info.plist */ = {isa = PBXFileReference; lastKnownFileType = text.plist.xml; path = Info.plist; sourceTree = "<group>"; };
		410F48EB1D06E72F000C0C05 /* Default-568h@2x.png */ = {isa = PBXFileReference; lastKnownFileType = image.png; path = "Default-568h@2x.png"; sourceTree = "<group>"; };
		4155B5281D06EEC700B9B73E /* PureLayout.framework */ = {isa = PBXFileReference; lastKnownFileType = wrapper.framework; name = PureLayout.framework; path = Carthage/Build/iOS/PureLayout.framework; sourceTree = "<group>"; };
		4155B52A1D0703EF00B9B73E /* KKCentralManager.swift */ = {isa = PBXFileReference; fileEncoding = 4; lastKnownFileType = sourcecode.swift; path = KKCentralManager.swift; sourceTree = "<group>"; };
		4155B52C1D07041700B9B73E /* CoreBluetooth.framework */ = {isa = PBXFileReference; lastKnownFileType = wrapper.framework; name = CoreBluetooth.framework; path = System/Library/Frameworks/CoreBluetooth.framework; sourceTree = SDKROOT; };
		4155B52E1D0718B100B9B73E /* KKTableViewDataProvider.swift */ = {isa = PBXFileReference; fileEncoding = 4; lastKnownFileType = sourcecode.swift; path = KKTableViewDataProvider.swift; sourceTree = "<group>"; };
		4194FB201D0891D100CBC5EC /* KKDevicesViewController.swift */ = {isa = PBXFileReference; fileEncoding = 4; lastKnownFileType = sourcecode.swift; path = KKDevicesViewController.swift; sourceTree = "<group>"; };
		8381FE391D0775CD008B47A9 /* KKTableViewDeviceCell.swift */ = {isa = PBXFileReference; fileEncoding = 4; lastKnownFileType = sourcecode.swift; path = KKTableViewDeviceCell.swift; sourceTree = "<group>"; };
/* End PBXFileReference section */

/* Begin PBXFrameworksBuildPhase section */
		410F48C51D06E701000C0C05 /* Frameworks */ = {
			isa = PBXFrameworksBuildPhase;
			buildActionMask = 2147483647;
			files = (
				4155B52D1D07041700B9B73E /* CoreBluetooth.framework in Frameworks */,
				4155B5291D06EEC700B9B73E /* PureLayout.framework in Frameworks */,
			);
			runOnlyForDeploymentPostprocessing = 0;
		};
		410F48D91D06E701000C0C05 /* Frameworks */ = {
			isa = PBXFrameworksBuildPhase;
			buildActionMask = 2147483647;
			files = (
			);
			runOnlyForDeploymentPostprocessing = 0;
		};
/* End PBXFrameworksBuildPhase section */

/* Begin PBXGroup section */
		410F48BF1D06E701000C0C05 = {
			isa = PBXGroup;
			children = (
				4155B52C1D07041700B9B73E /* CoreBluetooth.framework */,
				4155B5281D06EEC700B9B73E /* PureLayout.framework */,
				410F48EB1D06E72F000C0C05 /* Default-568h@2x.png */,
				410F48CA1D06E701000C0C05 /* BLESampleProject */,
				410F48DF1D06E701000C0C05 /* BLESampleProjectUITests */,
				410F48C91D06E701000C0C05 /* Products */,
			);
			sourceTree = "<group>";
		};
		410F48C91D06E701000C0C05 /* Products */ = {
			isa = PBXGroup;
			children = (
				410F48C81D06E701000C0C05 /* BLESampleProject.app */,
				410F48DC1D06E701000C0C05 /* BLESampleProjectUITests.xctest */,
			);
			name = Products;
			sourceTree = "<group>";
		};
		410F48CA1D06E701000C0C05 /* BLESampleProject */ = {
			isa = PBXGroup;
			children = (
				410F48CB1D06E701000C0C05 /* AppDelegate.swift */,
				410F48CD1D06E701000C0C05 /* KKMainViewController.swift */,
				4155B52A1D0703EF00B9B73E /* KKCentralManager.swift */,
				4155B52E1D0718B100B9B73E /* KKTableViewDataProvider.swift */,
				4194FB201D0891D100CBC5EC /* KKDevicesViewController.swift */,
				8381FE391D0775CD008B47A9 /* KKTableViewDeviceCell.swift */,
				410F48CF1D06E701000C0C05 /* Main.storyboard */,
				410F48D21D06E701000C0C05 /* Assets.xcassets */,
				410F48D41D06E701000C0C05 /* LaunchScreen.storyboard */,
				410F48D71D06E701000C0C05 /* Info.plist */,
			);
			path = BLESampleProject;
			sourceTree = "<group>";
		};
		410F48DF1D06E701000C0C05 /* BLESampleProjectUITests */ = {
			isa = PBXGroup;
			children = (
				410F48E01D06E701000C0C05 /* BLESampleProjectUITests.swift */,
				410F48E21D06E701000C0C05 /* Info.plist */,
			);
			path = BLESampleProjectUITests;
			sourceTree = "<group>";
		};
/* End PBXGroup section */

/* Begin PBXNativeTarget section */
		410F48C71D06E701000C0C05 /* BLESampleProject */ = {
			isa = PBXNativeTarget;
			buildConfigurationList = 410F48E51D06E701000C0C05 /* Build configuration list for PBXNativeTarget "BLESampleProject" */;
			buildPhases = (
				410F48C41D06E701000C0C05 /* Sources */,
				410F48C51D06E701000C0C05 /* Frameworks */,
				410F48C61D06E701000C0C05 /* Resources */,
				4155B5271D06EE9F00B9B73E /* ShellScript */,
			);
			buildRules = (
			);
			dependencies = (
			);
			name = BLESampleProject;
			productName = BLESampleProject;
			productReference = 410F48C81D06E701000C0C05 /* BLESampleProject.app */;
			productType = "com.apple.product-type.application";
		};
		410F48DB1D06E701000C0C05 /* BLESampleProjectUITests */ = {
			isa = PBXNativeTarget;
			buildConfigurationList = 410F48E81D06E701000C0C05 /* Build configuration list for PBXNativeTarget "BLESampleProjectUITests" */;
			buildPhases = (
				410F48D81D06E701000C0C05 /* Sources */,
				410F48D91D06E701000C0C05 /* Frameworks */,
				410F48DA1D06E701000C0C05 /* Resources */,
			);
			buildRules = (
			);
			dependencies = (
				410F48DE1D06E701000C0C05 /* PBXTargetDependency */,
			);
			name = BLESampleProjectUITests;
			productName = BLESampleProjectUITests;
			productReference = 410F48DC1D06E701000C0C05 /* BLESampleProjectUITests.xctest */;
			productType = "com.apple.product-type.bundle.ui-testing";
		};
/* End PBXNativeTarget section */

/* Begin PBXProject section */
		410F48C01D06E701000C0C05 /* Project object */ = {
			isa = PBXProject;
			attributes = {
				LastSwiftUpdateCheck = 0730;
				LastUpgradeCheck = 0730;
				ORGANIZATIONNAME = Konstantin;
				TargetAttributes = {
					410F48C71D06E701000C0C05 = {
						CreatedOnToolsVersion = 7.3.1;
					};
					410F48DB1D06E701000C0C05 = {
						CreatedOnToolsVersion = 7.3.1;
						TestTargetID = 410F48C71D06E701000C0C05;
					};
				};
			};
			buildConfigurationList = 410F48C31D06E701000C0C05 /* Build configuration list for PBXProject "BLESampleProject" */;
			compatibilityVersion = "Xcode 3.2";
			developmentRegion = English;
			hasScannedForEncodings = 0;
			knownRegions = (
				en,
				Base,
			);
			mainGroup = 410F48BF1D06E701000C0C05;
			productRefGroup = 410F48C91D06E701000C0C05 /* Products */;
			projectDirPath = "";
			projectRoot = "";
			targets = (
				410F48C71D06E701000C0C05 /* BLESampleProject */,
				410F48DB1D06E701000C0C05 /* BLESampleProjectUITests */,
			);
		};
/* End PBXProject section */

/* Begin PBXResourcesBuildPhase section */
		410F48C61D06E701000C0C05 /* Resources */ = {
			isa = PBXResourcesBuildPhase;
			buildActionMask = 2147483647;
			files = (
				410F48D61D06E701000C0C05 /* LaunchScreen.storyboard in Resources */,
				410F48EC1D06E72F000C0C05 /* Default-568h@2x.png in Resources */,
				410F48D31D06E701000C0C05 /* Assets.xcassets in Resources */,
				410F48D11D06E701000C0C05 /* Main.storyboard in Resources */,
			);
			runOnlyForDeploymentPostprocessing = 0;
		};
		410F48DA1D06E701000C0C05 /* Resources */ = {
			isa = PBXResourcesBuildPhase;
			buildActionMask = 2147483647;
			files = (
			);
			runOnlyForDeploymentPostprocessing = 0;
		};
/* End PBXResourcesBuildPhase section */

/* Begin PBXShellScriptBuildPhase section */
		4155B5271D06EE9F00B9B73E /* ShellScript */ = {
			isa = PBXShellScriptBuildPhase;
			buildActionMask = 2147483647;
			files = (
			);
			inputPaths = (
				"$(SRCROOT)/Carthage/Build/iOS/PureLayout.framework",
			);
			outputPaths = (
			);
			runOnlyForDeploymentPostprocessing = 0;
			shellPath = /bin/sh;
			shellScript = "/usr/local/bin/carthage copy-frameworks";
		};
/* End PBXShellScriptBuildPhase section */

/* Begin PBXSourcesBuildPhase section */
		410F48C41D06E701000C0C05 /* Sources */ = {
			isa = PBXSourcesBuildPhase;
			buildActionMask = 2147483647;
			files = (
				4194FB211D0891D100CBC5EC /* KKDevicesViewController.swift in Sources */,
				410F48CE1D06E701000C0C05 /* KKMainViewController.swift in Sources */,
				4155B52B1D0703EF00B9B73E /* KKCentralManager.swift in Sources */,
				8381FE3A1D0775CD008B47A9 /* KKTableViewDeviceCell.swift in Sources */,
				4155B52F1D0718B100B9B73E /* KKTableViewDataProvider.swift in Sources */,
				410F48CC1D06E701000C0C05 /* AppDelegate.swift in Sources */,
			);
			runOnlyForDeploymentPostprocessing = 0;
		};
		410F48D81D06E701000C0C05 /* Sources */ = {
			isa = PBXSourcesBuildPhase;
			buildActionMask = 2147483647;
			files = (
				410F48E11D06E701000C0C05 /* BLESampleProjectUITests.swift in Sources */,
			);
			runOnlyForDeploymentPostprocessing = 0;
		};
/* End PBXSourcesBuildPhase section */

/* Begin PBXTargetDependency section */
		410F48DE1D06E701000C0C05 /* PBXTargetDependency */ = {
			isa = PBXTargetDependency;
			target = 410F48C71D06E701000C0C05 /* BLESampleProject */;
			targetProxy = 410F48DD1D06E701000C0C05 /* PBXContainerItemProxy */;
		};
/* End PBXTargetDependency section */

/* Begin PBXVariantGroup section */
		410F48CF1D06E701000C0C05 /* Main.storyboard */ = {
			isa = PBXVariantGroup;
			children = (
				410F48D01D06E701000C0C05 /* Base */,
			);
			name = Main.storyboard;
			sourceTree = "<group>";
		};
		410F48D41D06E701000C0C05 /* LaunchScreen.storyboard */ = {
			isa = PBXVariantGroup;
			children = (
				410F48D51D06E701000C0C05 /* Base */,
			);
			name = LaunchScreen.storyboard;
			sourceTree = "<group>";
		};
/* End PBXVariantGroup section */

/* Begin XCBuildConfiguration section */
		410F48E31D06E701000C0C05 /* Debug */ = {
			isa = XCBuildConfiguration;
			buildSettings = {
				ALWAYS_SEARCH_USER_PATHS = NO;
				CLANG_ANALYZER_NONNULL = YES;
				CLANG_CXX_LANGUAGE_STANDARD = "gnu++0x";
				CLANG_CXX_LIBRARY = "libc++";
				CLANG_ENABLE_MODULES = YES;
				CLANG_ENABLE_OBJC_ARC = YES;
				CLANG_WARN_BOOL_CONVERSION = YES;
				CLANG_WARN_CONSTANT_CONVERSION = YES;
				CLANG_WARN_DIRECT_OBJC_ISA_USAGE = YES_ERROR;
				CLANG_WARN_EMPTY_BODY = YES;
				CLANG_WARN_ENUM_CONVERSION = YES;
				CLANG_WARN_INT_CONVERSION = YES;
				CLANG_WARN_OBJC_ROOT_CLASS = YES_ERROR;
				CLANG_WARN_UNREACHABLE_CODE = YES;
				CLANG_WARN__DUPLICATE_METHOD_MATCH = YES;
				"CODE_SIGN_IDENTITY[sdk=iphoneos*]" = "iPhone Developer";
				COPY_PHASE_STRIP = NO;
				DEBUG_INFORMATION_FORMAT = dwarf;
				ENABLE_STRICT_OBJC_MSGSEND = YES;
				ENABLE_TESTABILITY = YES;
				GCC_C_LANGUAGE_STANDARD = gnu99;
				GCC_DYNAMIC_NO_PIC = NO;
				GCC_NO_COMMON_BLOCKS = YES;
				GCC_OPTIMIZATION_LEVEL = 0;
				GCC_PREPROCESSOR_DEFINITIONS = (
					"DEBUG=1",
					"$(inherited)",
				);
				GCC_WARN_64_TO_32_BIT_CONVERSION = YES;
				GCC_WARN_ABOUT_RETURN_TYPE = YES_ERROR;
				GCC_WARN_UNDECLARED_SELECTOR = YES;
				GCC_WARN_UNINITIALIZED_AUTOS = YES_AGGRESSIVE;
				GCC_WARN_UNUSED_FUNCTION = YES;
				GCC_WARN_UNUSED_VARIABLE = YES;
				IPHONEOS_DEPLOYMENT_TARGET = 9.3;
				MTL_ENABLE_DEBUG_INFO = YES;
				ONLY_ACTIVE_ARCH = YES;
				SDKROOT = iphoneos;
				SWIFT_OPTIMIZATION_LEVEL = "-Onone";
				TARGETED_DEVICE_FAMILY = "1,2";
			};
			name = Debug;
		};
		410F48E41D06E701000C0C05 /* Release */ = {
			isa = XCBuildConfiguration;
			buildSettings = {
				ALWAYS_SEARCH_USER_PATHS = NO;
				CLANG_ANALYZER_NONNULL = YES;
				CLANG_CXX_LANGUAGE_STANDARD = "gnu++0x";
				CLANG_CXX_LIBRARY = "libc++";
				CLANG_ENABLE_MODULES = YES;
				CLANG_ENABLE_OBJC_ARC = YES;
				CLANG_WARN_BOOL_CONVERSION = YES;
				CLANG_WARN_CONSTANT_CONVERSION = YES;
				CLANG_WARN_DIRECT_OBJC_ISA_USAGE = YES_ERROR;
				CLANG_WARN_EMPTY_BODY = YES;
				CLANG_WARN_ENUM_CONVERSION = YES;
				CLANG_WARN_INT_CONVERSION = YES;
				CLANG_WARN_OBJC_ROOT_CLASS = YES_ERROR;
				CLANG_WARN_UNREACHABLE_CODE = YES;
				CLANG_WARN__DUPLICATE_METHOD_MATCH = YES;
				"CODE_SIGN_IDENTITY[sdk=iphoneos*]" = "iPhone Developer";
				COPY_PHASE_STRIP = NO;
				DEBUG_INFORMATION_FORMAT = "dwarf-with-dsym";
				ENABLE_NS_ASSERTIONS = NO;
				ENABLE_STRICT_OBJC_MSGSEND = YES;
				GCC_C_LANGUAGE_STANDARD = gnu99;
				GCC_NO_COMMON_BLOCKS = YES;
				GCC_WARN_64_TO_32_BIT_CONVERSION = YES;
				GCC_WARN_ABOUT_RETURN_TYPE = YES_ERROR;
				GCC_WARN_UNDECLARED_SELECTOR = YES;
				GCC_WARN_UNINITIALIZED_AUTOS = YES_AGGRESSIVE;
				GCC_WARN_UNUSED_FUNCTION = YES;
				GCC_WARN_UNUSED_VARIABLE = YES;
				IPHONEOS_DEPLOYMENT_TARGET = 9.3;
				MTL_ENABLE_DEBUG_INFO = NO;
				SDKROOT = iphoneos;
				TARGETED_DEVICE_FAMILY = "1,2";
				VALIDATE_PRODUCT = YES;
			};
			name = Release;
		};
		410F48E61D06E701000C0C05 /* Debug */ = {
			isa = XCBuildConfiguration;
			buildSettings = {
				ASSETCATALOG_COMPILER_APPICON_NAME = AppIcon;
				FRAMEWORK_SEARCH_PATHS = (
					"$(inherited)",
					"$(PROJECT_DIR)/Carthage/Build/iOS",
				);
				INFOPLIST_FILE = BLESampleProject/Info.plist;
				IPHONEOS_DEPLOYMENT_TARGET = 8.0;
				LD_RUNPATH_SEARCH_PATHS = "$(inherited) @executable_path/Frameworks";
				PRODUCT_BUNDLE_IDENTIFIER = kos.BLESampleProject;
				PRODUCT_NAME = "$(TARGET_NAME)";
			};
			name = Debug;
		};
		410F48E71D06E701000C0C05 /* Release */ = {
			isa = XCBuildConfiguration;
			buildSettings = {
				ASSETCATALOG_COMPILER_APPICON_NAME = AppIcon;
				FRAMEWORK_SEARCH_PATHS = (
					"$(inherited)",
					"$(PROJECT_DIR)/Carthage/Build/iOS",
				);
				INFOPLIST_FILE = BLESampleProject/Info.plist;
				IPHONEOS_DEPLOYMENT_TARGET = 8.0;
				LD_RUNPATH_SEARCH_PATHS = "$(inherited) @executable_path/Frameworks";
				PRODUCT_BUNDLE_IDENTIFIER = kos.BLESampleProject;
				PRODUCT_NAME = "$(TARGET_NAME)";
			};
			name = Release;
		};
		410F48E91D06E701000C0C05 /* Debug */ = {
			isa = XCBuildConfiguration;
			buildSettings = {
				INFOPLIST_FILE = BLESampleProjectUITests/Info.plist;
				LD_RUNPATH_SEARCH_PATHS = "$(inherited) @executable_path/Frameworks @loader_path/Frameworks";
				PRODUCT_BUNDLE_IDENTIFIER = kos.BLESampleProjectUITests;
				PRODUCT_NAME = "$(TARGET_NAME)";
				TEST_TARGET_NAME = BLESampleProject;
			};
			name = Debug;
		};
		410F48EA1D06E701000C0C05 /* Release */ = {
			isa = XCBuildConfiguration;
			buildSettings = {
				INFOPLIST_FILE = BLESampleProjectUITests/Info.plist;
				LD_RUNPATH_SEARCH_PATHS = "$(inherited) @executable_path/Frameworks @loader_path/Frameworks";
				PRODUCT_BUNDLE_IDENTIFIER = kos.BLESampleProjectUITests;
				PRODUCT_NAME = "$(TARGET_NAME)";
				TEST_TARGET_NAME = BLESampleProject;
			};
			name = Release;
		};
/* End XCBuildConfiguration section */

/* Begin XCConfigurationList section */
		410F48C31D06E701000C0C05 /* Build configuration list for PBXProject "BLESampleProject" */ = {
			isa = XCConfigurationList;
			buildConfigurations = (
				410F48E31D06E701000C0C05 /* Debug */,
				410F48E41D06E701000C0C05 /* Release */,
			);
			defaultConfigurationIsVisible = 0;
			defaultConfigurationName = Release;
		};
		410F48E51D06E701000C0C05 /* Build configuration list for PBXNativeTarget "BLESampleProject" */ = {
			isa = XCConfigurationList;
			buildConfigurations = (
				410F48E61D06E701000C0C05 /* Debug */,
				410F48E71D06E701000C0C05 /* Release */,
			);
			defaultConfigurationIsVisible = 0;
			defaultConfigurationName = Release;
		};
		410F48E81D06E701000C0C05 /* Build configuration list for PBXNativeTarget "BLESampleProjectUITests" */ = {
			isa = XCConfigurationList;
			buildConfigurations = (
				410F48E91D06E701000C0C05 /* Debug */,
				410F48EA1D06E701000C0C05 /* Release */,
			);
			defaultConfigurationIsVisible = 0;
			defaultConfigurationName = Release;
		};
/* End XCConfigurationList section */
	};
	rootObject = 410F48C01D06E701000C0C05 /* Project object */;
}
